
Microsoft Visual Studio Solution File, Format Version 12.00
# Visual Studio Version 17
VisualStudioVersion = 17.8.34330.188
MinimumVisualStudioVersion = 10.0.40219.1
Project("{9A19103F-16F7-4668-BE54-9A1E7A4F7556}") = "FurnitStore", "FurnitStore.csproj", "{26CE0BCA-7F87-43B4-BE5C-1C6F8B78B37E}"
EndProject
Project("{2150E333-8FDC-42A3-9474-1A3956D46DE8}") = "Solution Items", "Solution Items", "{1BDCC92A-CE29-4C9B-856B-F23F5F8F4686}"
	ProjectSection(SolutionItems) = preProject
		.editorconfig = .editorconfig
	EndProjectSection
EndProject
Global
	GlobalSection(SolutionConfigurationPlatforms) = preSolution
		Debug|Any CPU = Debug|Any CPU
		Release|Any CPU = Release|Any CPU
	EndGlobalSection
	GlobalSection(ProjectConfigurationPlatforms) = postSolution
		{26CE0BCA-7F87-43B4-BE5C-1C6F8B78B37E}.Debug|Any CPU.ActiveCfg = Debug|Any CPU
		{26CE0BCA-7F87-43B4-BE5C-1C6F8B78B37E}.Debug|Any CPU.Build.0 = Debug|Any CPU
		{26CE0BCA-7F87-43B4-BE5C-1C6F8B78B37E}.Release|Any CPU.ActiveCfg = Release|Any CPU
		{26CE0BCA-7F87-43B4-BE5C-1C6F8B78B37E}.Release|Any CPU.Build.0 = Release|Any CPU
	EndGlobalSection
	GlobalSection(SolutionProperties) = preSolution
		HideSolutionNode = FALSE
	EndGlobalSection
	GlobalSection(ExtensibilityGlobals) = postSolution
		SolutionGuid = {4ABA0E4C-7230-4433-8716-1BDC9D2B41BB}
	EndGlobalSection
EndGlobal
